{
  "nodes": {
    "nixpkgs": {
      "locked": {
        "lastModified": 1787070829,
        "narHash": "sha256-vXNVDVtvfiQuXthP0NHPFdNvvMTkGpx0UP8oddIWbNk=",
        "owner": "nixos",
        "repo": "nixpkgs",
        "rev": "0ae2bc1419c3f345984c2629e72e7a631820fa4d",
        "type": "github"
      },
      "original": {
        "owner": "nixos",
        "ref": "nixos-unstable",
        "repo": "nixpkgs",
        "type": "github"
      }
    },
    "noctalia": {
      "inputs": {
        "nixpkgs": [
          "nixpkgs"
        ]
      },
      "locked": {
        "lastModified": 1787624990,
        "narHash": "sha256-GYiCoMAaTD9TiprDbrNcuxeHNeiX5HVFyRf6iESl13A=",
        "owner": "noctalia-dev",
        "repo": "noctalia",
        "rev": "e6846db9ab4e6e4c107c4c5072cde9223d6a58c5",
        "type": "github"
      },
      "original": {
        "owner": "noctalia-dev",
        "repo": "noctalia",
        "type": "github"
      }
    },
    "community-templates": {
      "flake": false,
      "locked": {
        "lastModified": 1786973326,
        "narHash": "sha256-rkeSofqOrwZxvrNKfejXMDuS87zcwWME6C4bVqGNjJ0=",
        "owner": "noctalia-dev",
        "repo": "community-templates",
        "rev": "54eb937240fad66b8aa62a9155316ba9bf2b6874",
        "type": "github"
      },
      "original": {
        "owner": "noctalia-dev",
        "repo": "community-templates",
        "type": "github"
      }
    },
    "root": {
      "inputs": {
        "community-templates": "community-templates",
        "nixpkgs": "nixpkgs",
        "noctalia": "noctalia"
      }
    }
  },
  "root": "root",
  "version": 7
}
